{
  "name": "lastfm",
  "version": "0.9.4",
  "lockfileVersion": 2,
  "requires": true,
  "packages": {
    "": {
      "name": "lastfm",
      "version": "0.9.4",
      "license": "MIT",
      "devDependencies": {
        "gently": "^0.10.0"
      }
    },
    "node_modules/gently": {
      "version": "0.10.0",
      "resolved": "https://registry.npmjs.org/gently/-/gently-0.10.0.tgz",
      "integrity": "sha512-bWfstBTq/A73upQJ5zaJONPlYwhpD1K7s3YwHY5kyHbcTgr2A0/SBpn0NxtEhktgRtRMGEfC9zDZ/QHPvhzQ1Q==",
      "dev": true,
      "engines": {
        "node": "*"
      }
    }
  },
  "dependencies": {
    "gently": {
      "version": "0.10.0",
      "resolved": "https://registry.npmjs.org/gently/-/gently-0.10.0.tgz",
      "integrity": "sha512-bWfstBTq/A73upQJ5zaJONPlYwhpD1K7s3YwHY5kyHbcTgr2A0/SBpn0NxtEhktgRtRMGEfC9zDZ/QHPvhzQ1Q==",
      "dev": true
    }
  }
}
